# This file is automatically @generated by Cargo.
# It is not intended for manual editing.
version = 4

[[package]]
name = "podling-cli"
version = "0.1.0"
dependencies = [
 "podling-core",
 "podling-types",
]

[[package]]
name = "podling-core"
version = "0.1.0"
dependencies = [
 "podling-types",
]

[[package]]
name = "podling-types"
version = "0.1.0"
